
Microsoft Visual Studio Solution File, Format Version 12.00
# Visual Studio Version 17
VisualStudioVersion = 17.0.31912.275
MinimumVisualStudioVersion = 10.0.40219.1
Project("{9A19103F-16F7-4668-BE54-9A1E7A4F7556}") = "JamaicaOpenData.SharedLibrary", "JamaicaOpenData.SharedLibrary\JamaicaOpenData.SharedLibrary.csproj", "{C4B4E8F2-CA0D-4652-A970-57BCC0BBD9CA}"
EndProject
Project("{9A19103F-16F7-4668-BE54-9A1E7A4F7556}") = "JamaicaOpenData.TestClient", "JamaicaOpenData.TestClient\JamaicaOpenData.TestClient.csproj", "{18FE135C-024C-4688-93BD-442517350EBE}"
EndProject
Project("{2150E333-8FDC-42A3-9474-1A3956D46DE8}") = "Solution Items", "Solution Items", "{8C451346-4D3D-450C-B9D5-EF3920AA0A18}"
	ProjectSection(SolutionItems) = preProject
		nuget.config = nuget.config
	EndProjectSection
EndProject
Global
	GlobalSection(SolutionConfigurationPlatforms) = preSolution
		Debug|Any CPU = Debug|Any CPU
		Release|Any CPU = Release|Any CPU
	EndGlobalSection
	GlobalSection(ProjectConfigurationPlatforms) = postSolution
		{C4B4E8F2-CA0D-4652-A970-57BCC0BBD9CA}.Debug|Any CPU.ActiveCfg = Debug|Any CPU
		{C4B4E8F2-CA0D-4652-A970-57BCC0BBD9CA}.Debug|Any CPU.Build.0 = Debug|Any CPU
		{C4B4E8F2-CA0D-4652-A970-57BCC0BBD9CA}.Release|Any CPU.ActiveCfg = Release|Any CPU
		{C4B4E8F2-CA0D-4652-A970-57BCC0BBD9CA}.Release|Any CPU.Build.0 = Release|Any CPU
		{18FE135C-024C-4688-93BD-442517350EBE}.Debug|Any CPU.ActiveCfg = Debug|Any CPU
		{18FE135C-024C-4688-93BD-442517350EBE}.Debug|Any CPU.Build.0 = Debug|Any CPU
		{18FE135C-024C-4688-93BD-442517350EBE}.Release|Any CPU.ActiveCfg = Release|Any CPU
		{18FE135C-024C-4688-93BD-442517350EBE}.Release|Any CPU.Build.0 = Release|Any CPU
	EndGlobalSection
	GlobalSection(SolutionProperties) = preSolution
		HideSolutionNode = FALSE
	EndGlobalSection
	GlobalSection(ExtensibilityGlobals) = postSolution
		SolutionGuid = {AC05C16D-F994-41F3-A0F3-690E05B619C3}
	EndGlobalSection
EndGlobal
